// !$*UTF8*$!
{
	archiveVersion = 1;
	classes = {
	};
	objectVersion = 50;
	objects = {

/* Begin PBXBuildFile section */
		FA2D28E42650CC66009B02B2 /* ConfirmationStatus.swift in Sources */ = {isa = PBXBuildFile; fileRef = FA2D28E32650CC66009B02B2 /* ConfirmationStatus.swift */; };
		FA3B23ED26561D8A00D4D868 /* MoneyService.swift in Sources */ = {isa = PBXBuildFile; fileRef = FA3B23EC26561D8A00D4D868 /* MoneyService.swift */; };
		FA3B23F12656476B00D4D868 /* TransactionResponse.swift in Sources */ = {isa = PBXBuildFile; fileRef = FA3B23F02656476B00D4D868 /* TransactionResponse.swift */; };
		FA3B23F4265650A700D4D868 /* UserResponse.swift in Sources */ = {isa = PBXBuildFile; fileRef = FA3B23F3265650A700D4D868 /* UserResponse.swift */; };
		FA3B23FA2656565D00D4D868 /* UserService.swift in Sources */ = {isa = PBXBuildFile; fileRef = FA3B23F92656565D00D4D868 /* UserService.swift */; };
		FA3B23FE2656AD4300D4D868 /* WalletResponse.swift in Sources */ = {isa = PBXBuildFile; fileRef = FA3B23FD2656AD4300D4D868 /* WalletResponse.swift */; };
		FA3B24022656ADF800D4D868 /* WalletService.swift in Sources */ = {isa = PBXBuildFile; fileRef = FA3B24012656ADF800D4D868 /* WalletService.swift */; };
		FA547634264FAB6600B5E40B /* CategorySelection.swift in Sources */ = {isa = PBXBuildFile; fileRef = FA547633264FAB6600B5E40B /* CategorySelection.swift */; };
		FA547637264FBAA500B5E40B /* ButtonConfig.swift in Sources */ = {isa = PBXBuildFile; fileRef = FA547636264FBAA500B5E40B /* ButtonConfig.swift */; };
		FA54763B264FBE2500B5E40B /* UsageDetailViewController.swift in Sources */ = {isa = PBXBuildFile; fileRef = FA547639264FBE2500B5E40B /* UsageDetailViewController.swift */; };
		FA54763C264FBE2500B5E40B /* UsageDetailViewController.xib in Resources */ = {isa = PBXBuildFile; fileRef = FA54763A264FBE2500B5E40B /* UsageDetailViewController.xib */; };
		FA547641264FC1C200B5E40B /* Colors.swift in Sources */ = {isa = PBXBuildFile; fileRef = FA547640264FC1C200B5E40B /* Colors.swift */; };
		FA672AB8264FF59A004F42E6 /* SelectCollectionViewCell.swift in Sources */ = {isa = PBXBuildFile; fileRef = FA672AB6264FF59A004F42E6 /* SelectCollectionViewCell.swift */; };
		FA672AB9264FF59A004F42E6 /* SelectCollectionViewCell.xib in Resources */ = {isa = PBXBuildFile; fileRef = FA672AB7264FF59A004F42E6 /* SelectCollectionViewCell.xib */; };
		FA672ABC264FFEC1004F42E6 /* User.swift in Sources */ = {isa = PBXBuildFile; fileRef = FA672ABB264FFEC1004F42E6 /* User.swift */; };
		FA672ABF265012A6004F42E6 /* DateTime.swift in Sources */ = {isa = PBXBuildFile; fileRef = FA672ABE265012A6004F42E6 /* DateTime.swift */; };
		FA7656A5264FA3BE00CD6C85 /* CategoryCollectionViewCell.swift in Sources */ = {isa = PBXBuildFile; fileRef = FA7656A3264FA3BE00CD6C85 /* CategoryCollectionViewCell.swift */; };
		FA7656A6264FA3BE00CD6C85 /* CategoryCollectionViewCell.xib in Resources */ = {isa = PBXBuildFile; fileRef = FA7656A4264FA3BE00CD6C85 /* CategoryCollectionViewCell.xib */; };
		FAF609A9264CE1DA004912DC /* AppDelegate.swift in Sources */ = {isa = PBXBuildFile; fileRef = FAF609A8264CE1DA004912DC /* AppDelegate.swift */; };
		FAF609AB264CE1DA004912DC /* SceneDelegate.swift in Sources */ = {isa = PBXBuildFile; fileRef = FAF609AA264CE1DA004912DC /* SceneDelegate.swift */; };
		FAF609B2264CE1DB004912DC /* Assets.xcassets in Resources */ = {isa = PBXBuildFile; fileRef = FAF609B1264CE1DB004912DC /* Assets.xcassets */; };
		FAF609B5264CE1DB004912DC /* LaunchScreen.storyboard in Resources */ = {isa = PBXBuildFile; fileRef = FAF609B3264CE1DB004912DC /* LaunchScreen.storyboard */; };
		FAF609C0264CE63A004912DC /* HomeViewController.swift in Sources */ = {isa = PBXBuildFile; fileRef = FAF609BE264CE63A004912DC /* HomeViewController.swift */; };
		FAF609C1264CE63A004912DC /* HomeViewController.xib in Resources */ = {isa = PBXBuildFile; fileRef = FAF609BF264CE63A004912DC /* HomeViewController.xib */; };
		FAF609C6264CE66B004912DC /* DreamViewController.swift in Sources */ = {isa = PBXBuildFile; fileRef = FAF609C4264CE66B004912DC /* DreamViewController.swift */; };
		FAF609C7264CE66B004912DC /* DreamViewController.xib in Resources */ = {isa = PBXBuildFile; fileRef = FAF609C5264CE66B004912DC /* DreamViewController.xib */; };
		FAF609CB264CE688004912DC /* ProfileViewController.swift in Sources */ = {isa = PBXBuildFile; fileRef = FAF609C9264CE688004912DC /* ProfileViewController.swift */; };
		FAF609CC264CE688004912DC /* ProfileViewController.xib in Resources */ = {isa = PBXBuildFile; fileRef = FAF609CA264CE688004912DC /* ProfileViewController.xib */; };
		FAF609E2264CE79A004912DC /* Poppins-ExtraBoldItalic.ttf in Resources */ = {isa = PBXBuildFile; fileRef = FAF609CF264CE799004912DC /* Poppins-ExtraBoldItalic.ttf */; };
		FAF609E3264CE79A004912DC /* Poppins-Medium.ttf in Resources */ = {isa = PBXBuildFile; fileRef = FAF609D0264CE799004912DC /* Poppins-Medium.ttf */; };
		FAF609E4264CE79A004912DC /* Poppins-Italic.ttf in Resources */ = {isa = PBXBuildFile; fileRef = FAF609D1264CE799004912DC /* Poppins-Italic.ttf */; };
		FAF609E5264CE79A004912DC /* Poppins-LightItalic.ttf in Resources */ = {isa = PBXBuildFile; fileRef = FAF609D2264CE799004912DC /* Poppins-LightItalic.ttf */; };
		FAF609E6264CE79A004912DC /* Poppins-Light.ttf in Resources */ = {isa = PBXBuildFile; fileRef = FAF609D3264CE799004912DC /* Poppins-Light.ttf */; };
		FAF609E7264CE79A004912DC /* Poppins-ThinItalic.ttf in Resources */ = {isa = PBXBuildFile; fileRef = FAF609D4264CE799004912DC /* Poppins-ThinItalic.ttf */; };
		FAF609E8264CE79A004912DC /* Poppins-BlackItalic.ttf in Resources */ = {isa = PBXBuildFile; fileRef = FAF609D5264CE799004912DC /* Poppins-BlackItalic.ttf */; };
		FAF609E9264CE79A004912DC /* Poppins-Black.ttf in Resources */ = {isa = PBXBuildFile; fileRef = FAF609D6264CE799004912DC /* Poppins-Black.ttf */; };
		FAF609EA264CE79A004912DC /* Poppins-MediumItalic.ttf in Resources */ = {isa = PBXBuildFile; fileRef = FAF609D7264CE799004912DC /* Poppins-MediumItalic.ttf */; };
		FAF609EB264CE79A004912DC /* Poppins-Bold.ttf in Resources */ = {isa = PBXBuildFile; fileRef = FAF609D8264CE799004912DC /* Poppins-Bold.ttf */; };
		FAF609EC264CE79A004912DC /* Poppins-ExtraBold.ttf in Resources */ = {isa = PBXBuildFile; fileRef = FAF609D9264CE799004912DC /* Poppins-ExtraBold.ttf */; };
		FAF609ED264CE79A004912DC /* Poppins-ExtraLight.ttf in Resources */ = {isa = PBXBuildFile; fileRef = FAF609DA264CE799004912DC /* Poppins-ExtraLight.ttf */; };
		FAF609EE264CE79A004912DC /* Poppins-ExtraLightItalic.ttf in Resources */ = {isa = PBXBuildFile; fileRef = FAF609DB264CE799004912DC /* Poppins-ExtraLightItalic.ttf */; };
		FAF609EF264CE79A004912DC /* Poppins-Thin.ttf in Resources */ = {isa = PBXBuildFile; fileRef = FAF609DC264CE79A004912DC /* Poppins-Thin.ttf */; };
		FAF609F0264CE79A004912DC /* Poppins-Regular.ttf in Resources */ = {isa = PBXBuildFile; fileRef = FAF609DD264CE79A004912DC /* Poppins-Regular.ttf */; };
		FAF609F1264CE79A004912DC /* OFL.txt in Resources */ = {isa = PBXBuildFile; fileRef = FAF609DE264CE79A004912DC /* OFL.txt */; };
		FAF609F2264CE79A004912DC /* Poppins-BoldItalic.ttf in Resources */ = {isa = PBXBuildFile; fileRef = FAF609DF264CE79A004912DC /* Poppins-BoldItalic.ttf */; };
		FAF609F3264CE79A004912DC /* Poppins-SemiBold.ttf in Resources */ = {isa = PBXBuildFile; fileRef = FAF609E0264CE79A004912DC /* Poppins-SemiBold.ttf */; };
		FAF609F4264CE79A004912DC /* Poppins-SemiBoldItalic.ttf in Resources */ = {isa = PBXBuildFile; fileRef = FAF609E1264CE79A004912DC /* Poppins-SemiBoldItalic.ttf */; };
		FAF609F9264CF075004912DC /* HomeTableViewCell.swift in Sources */ = {isa = PBXBuildFile; fileRef = FAF609F7264CF075004912DC /* HomeTableViewCell.swift */; };
		FAF609FA264CF075004912DC /* HomeTableViewCell.xib in Resources */ = {isa = PBXBuildFile; fileRef = FAF609F8264CF075004912DC /* HomeTableViewCell.xib */; };
		FAF60A01264CF801004912DC /* MainTabController.swift in Sources */ = {isa = PBXBuildFile; fileRef = FAF609FF264CF801004912DC /* MainTabController.swift */; };
		FAF60A02264CF801004912DC /* MainTabController.xib in Resources */ = {isa = PBXBuildFile; fileRef = FAF60A00264CF801004912DC /* MainTabController.xib */; };
		FAF60A09264D1040004912DC /* AddUsageViewController.swift in Sources */ = {isa = PBXBuildFile; fileRef = FAF60A07264D1040004912DC /* AddUsageViewController.swift */; };
		FAF60A0A264D1040004912DC /* AddUsageViewController.xib in Resources */ = {isa = PBXBuildFile; fileRef = FAF60A08264D1040004912DC /* AddUsageViewController.xib */; };
		FAF60A0E264D1BBF004912DC /* EditUsageViewController.swift in Sources */ = {isa = PBXBuildFile; fileRef = FAF60A0C264D1BBF004912DC /* EditUsageViewController.swift */; };
		FAF60A0F264D1BBF004912DC /* EditUsageViewController.xib in Resources */ = {isa = PBXBuildFile; fileRef = FAF60A0D264D1BBF004912DC /* EditUsageViewController.xib */; };
		FAF60A12264D20C2004912DC /* MoneyUsage.swift in Sources */ = {isa = PBXBuildFile; fileRef = FAF60A11264D20C2004912DC /* MoneyUsage.swift */; };
		FAF60A16264D655A004912DC /* DreamTableViewCell.swift in Sources */ = {isa = PBXBuildFile; fileRef = FAF60A14264D655A004912DC /* DreamTableViewCell.swift */; };
		FAF60A17264D655A004912DC /* DreamTableViewCell.xib in Resources */ = {isa = PBXBuildFile; fileRef = FAF60A15264D655A004912DC /* DreamTableViewCell.xib */; };
		FAF60A1A264D6778004912DC /* Dream.swift in Sources */ = {isa = PBXBuildFile; fileRef = FAF60A19264D6778004912DC /* Dream.swift */; };
		FAF60A1E264E47A6004912DC /* AddDreamViewController.swift in Sources */ = {isa = PBXBuildFile; fileRef = FAF60A1C264E47A6004912DC /* AddDreamViewController.swift */; };
		FAF60A1F264E47A6004912DC /* AddDreamViewController.xib in Resources */ = {isa = PBXBuildFile; fileRef = FAF60A1D264E47A6004912DC /* AddDreamViewController.xib */; };
		FAF60A24264E47DD004912DC /* DreamDetailViewController.swift in Sources */ = {isa = PBXBuildFile; fileRef = FAF60A22264E47DD004912DC /* DreamDetailViewController.swift */; };
		FAF60A25264E47DD004912DC /* DreamDetailViewController.xib in Resources */ = {isa = PBXBuildFile; fileRef = FAF60A23264E47DD004912DC /* DreamDetailViewController.xib */; };
		FAF60A29264E482D004912DC /* EditDreamViewController.swift in Sources */ = {isa = PBXBuildFile; fileRef = FAF60A27264E482D004912DC /* EditDreamViewController.swift */; };
		FAF60A2A264E482D004912DC /* EditDreamViewController.xib in Resources */ = {isa = PBXBuildFile; fileRef = FAF60A28264E482D004912DC /* EditDreamViewController.xib */; };
		FAF60A2E264EB223004912DC /* ConvertVariable.swift in Sources */ = {isa = PBXBuildFile; fileRef = FAF60A2D264EB223004912DC /* ConvertVariable.swift */; };
		FAF60A31264EB972004912DC /* Wallet.swift in Sources */ = {isa = PBXBuildFile; fileRef = FAF60A30264EB972004912DC /* Wallet.swift */; };
		FAF60A34264F8750004912DC /* NotFoundView.swift in Sources */ = {isa = PBXBuildFile; fileRef = FAF60A33264F8750004912DC /* NotFoundView.swift */; };
		FAF60A37264F8780004912DC /* NotFoundView.xib in Resources */ = {isa = PBXBuildFile; fileRef = FAF60A36264F8780004912DC /* NotFoundView.xib */; };
/* End PBXBuildFile section */

/* Begin PBXFileReference section */
		FA2D28E32650CC66009B02B2 /* ConfirmationStatus.swift */ = {isa = PBXFileReference; lastKnownFileType = sourcecode.swift; path = ConfirmationStatus.swift; sourceTree = "<group>"; };
		FA3B23EC26561D8A00D4D868 /* MoneyService.swift */ = {isa = PBXFileReference; lastKnownFileType = sourcecode.swift; path = MoneyService.swift; sourceTree = "<group>"; };
		FA3B23F02656476B00D4D868 /* TransactionResponse.swift */ = {isa = PBXFileReference; lastKnownFileType = sourcecode.swift; path = TransactionResponse.swift; sourceTree = "<group>"; };
		FA3B23F3265650A700D4D868 /* UserResponse.swift */ = {isa = PBXFileReference; lastKnownFileType = sourcecode.swift; path = UserResponse.swift; sourceTree = "<group>"; };
		FA3B23F92656565D00D4D868 /* UserService.swift */ = {isa = PBXFileReference; lastKnownFileType = sourcecode.swift; path = UserService.swift; sourceTree = "<group>"; };
		FA3B23FD2656AD4300D4D868 /* WalletResponse.swift */ = {isa = PBXFileReference; lastKnownFileType = sourcecode.swift; path = WalletResponse.swift; sourceTree = "<group>"; };
		FA3B24012656ADF800D4D868 /* WalletService.swift */ = {isa = PBXFileReference; lastKnownFileType = sourcecode.swift; path = WalletService.swift; sourceTree = "<group>"; };
		FA547633264FAB6600B5E40B /* CategorySelection.swift */ = {isa = PBXFileReference; lastKnownFileType = sourcecode.swift; path = CategorySelection.swift; sourceTree = "<group>"; };
		FA547636264FBAA500B5E40B /* ButtonConfig.swift */ = {isa = PBXFileReference; lastKnownFileType = sourcecode.swift; path = ButtonConfig.swift; sourceTree = "<group>"; };
		FA547639264FBE2500B5E40B /* UsageDetailViewController.swift */ = {isa = PBXFileReference; lastKnownFileType = sourcecode.swift; path = UsageDetailViewController.swift; sourceTree = "<group>"; };
		FA54763A264FBE2500B5E40B /* UsageDetailViewController.xib */ = {isa = PBXFileReference; lastKnownFileType = file.xib; path = UsageDetailViewController.xib; sourceTree = "<group>"; };
		FA547640264FC1C200B5E40B /* Colors.swift */ = {isa = PBXFileReference; lastKnownFileType = sourcecode.swift; path = Colors.swift; sourceTree = "<group>"; };
		FA672AB6264FF59A004F42E6 /* SelectCollectionViewCell.swift */ = {isa = PBXFileReference; lastKnownFileType = sourcecode.swift; path = SelectCollectionViewCell.swift; sourceTree = "<group>"; };
		FA672AB7264FF59A004F42E6 /* SelectCollectionViewCell.xib */ = {isa = PBXFileReference; lastKnownFileType = file.xib; path = SelectCollectionViewCell.xib; sourceTree = "<group>"; };
		FA672ABB264FFEC1004F42E6 /* User.swift */ = {isa = PBXFileReference; lastKnownFileType = sourcecode.swift; path = User.swift; sourceTree = "<group>"; };
		FA672ABE265012A6004F42E6 /* DateTime.swift */ = {isa = PBXFileReference; lastKnownFileType = sourcecode.swift; path = DateTime.swift; sourceTree = "<group>"; };
		FA7656A3264FA3BE00CD6C85 /* CategoryCollectionViewCell.swift */ = {isa = PBXFileReference; lastKnownFileType = sourcecode.swift; path = CategoryCollectionViewCell.swift; sourceTree = "<group>"; };
		FA7656A4264FA3BE00CD6C85 /* CategoryCollectionViewCell.xib */ = {isa = PBXFileReference; lastKnownFileType = file.xib; path = CategoryCollectionViewCell.xib; sourceTree = "<group>"; };
		FAF609A5264CE1DA004912DC /* MyMoneeProject.app */ = {isa = PBXFileReference; explicitFileType = wrapper.application; includeInIndex = 0; path = MyMoneeProject.app; sourceTree = BUILT_PRODUCTS_DIR; };
		FAF609A8264CE1DA004912DC /* AppDelegate.swift */ = {isa = PBXFileReference; lastKnownFileType = sourcecode.swift; path = AppDelegate.swift; sourceTree = "<group>"; };
		FAF609AA264CE1DA004912DC /* SceneDelegate.swift */ = {isa = PBXFileReference; lastKnownFileType = sourcecode.swift; path = SceneDelegate.swift; sourceTree = "<group>"; };
		FAF609B1264CE1DB004912DC /* Assets.xcassets */ = {isa = PBXFileReference; lastKnownFileType = folder.assetcatalog; path = Assets.xcassets; sourceTree = "<group>"; };
		FAF609B4264CE1DB004912DC /* Base */ = {isa = PBXFileReference; lastKnownFileType = file.storyboard; name = Base; path = Base.lproj/LaunchScreen.storyboard; sourceTree = "<group>"; };
		FAF609B6264CE1DB004912DC /* Info.plist */ = {isa = PBXFileReference; lastKnownFileType = text.plist.xml; path = Info.plist; sourceTree = "<group>"; };
		FAF609BE264CE63A004912DC /* HomeViewController.swift */ = {isa = PBXFileReference; lastKnownFileType = sourcecode.swift; path = HomeViewController.swift; sourceTree = "<group>"; };
		FAF609BF264CE63A004912DC /* HomeViewController.xib */ = {isa = PBXFileReference; lastKnownFileType = file.xib; path = HomeViewController.xib; sourceTree = "<group>"; };
		FAF609C4264CE66B004912DC /* DreamViewController.swift */ = {isa = PBXFileReference; lastKnownFileType = sourcecode.swift; path = DreamViewController.swift; sourceTree = "<group>"; };
		FAF609C5264CE66B004912DC /* DreamViewController.xib */ = {isa = PBXFileReference; lastKnownFileType = file.xib; path = DreamViewController.xib; sourceTree = "<group>"; };
		FAF609C9264CE688004912DC /* ProfileViewController.swift */ = {isa = PBXFileReference; lastKnownFileType = sourcecode.swift; path = ProfileViewController.swift; sourceTree = "<group>"; };
		FAF609CA264CE688004912DC /* ProfileViewController.xib */ = {isa = PBXFileReference; lastKnownFileType = file.xib; path = ProfileViewController.xib; sourceTree = "<group>"; };
		FAF609CF264CE799004912DC /* Poppins-ExtraBoldItalic.ttf */ = {isa = PBXFileReference; lastKnownFileType = file; path = "Poppins-ExtraBoldItalic.ttf"; sourceTree = "<group>"; };
		FAF609D0264CE799004912DC /* Poppins-Medium.ttf */ = {isa = PBXFileReference; lastKnownFileType = file; path = "Poppins-Medium.ttf"; sourceTree = "<group>"; };
		FAF609D1264CE799004912DC /* Poppins-Italic.ttf */ = {isa = PBXFileReference; lastKnownFileType = file; path = "Poppins-Italic.ttf"; sourceTree = "<group>"; };
		FAF609D2264CE799004912DC /* Poppins-LightItalic.ttf */ = {isa = PBXFileReference; lastKnownFileType = file; path = "Poppins-LightItalic.ttf"; sourceTree = "<group>"; };
		FAF609D3264CE799004912DC /* Poppins-Light.ttf */ = {isa = PBXFileReference; lastKnownFileType = file; path = "Poppins-Light.ttf"; sourceTree = "<group>"; };
		FAF609D4264CE799004912DC /* Poppins-ThinItalic.ttf */ = {isa = PBXFileReference; lastKnownFileType = file; path = "Poppins-ThinItalic.ttf"; sourceTree = "<group>"; };
		FAF609D5264CE799004912DC /* Poppins-BlackItalic.ttf */ = {isa = PBXFileReference; lastKnownFileType = file; path = "Poppins-BlackItalic.ttf"; sourceTree = "<group>"; };
		FAF609D6264CE799004912DC /* Poppins-Black.ttf */ = {isa = PBXFileReference; lastKnownFileType = file; path = "Poppins-Black.ttf"; sourceTree = "<group>"; };
		FAF609D7264CE799004912DC /* Poppins-MediumItalic.ttf */ = {isa = PBXFileReference; lastKnownFileType = file; path = "Poppins-MediumItalic.ttf"; sourceTree = "<group>"; };
		FAF609D8264CE799004912DC /* Poppins-Bold.ttf */ = {isa = PBXFileReference; lastKnownFileType = file; path = "Poppins-Bold.ttf"; sourceTree = "<group>"; };
		FAF609D9264CE799004912DC /* Poppins-ExtraBold.ttf */ = {isa = PBXFileReference; lastKnownFileType = file; path = "Poppins-ExtraBold.ttf"; sourceTree = "<group>"; };
		FAF609DA264CE799004912DC /* Poppins-ExtraLight.ttf */ = {isa = PBXFileReference; lastKnownFileType = file; path = "Poppins-ExtraLight.ttf"; sourceTree = "<group>"; };
		FAF609DB264CE799004912DC /* Poppins-ExtraLightItalic.ttf */ = {isa = PBXFileReference; lastKnownFileType = file; path = "Poppins-ExtraLightItalic.ttf"; sourceTree = "<group>"; };
		FAF609DC264CE79A004912DC /* Poppins-Thin.ttf */ = {isa = PBXFileReference; lastKnownFileType = file; path = "Poppins-Thin.ttf"; sourceTree = "<group>"; };
		FAF609DD264CE79A004912DC /* Poppins-Regular.ttf */ = {isa = PBXFileReference; lastKnownFileType = file; path = "Poppins-Regular.ttf"; sourceTree = "<group>"; };
		FAF609DE264CE79A004912DC /* OFL.txt */ = {isa = PBXFileReference; fileEncoding = 4; lastKnownFileType = text; path = OFL.txt; sourceTree = "<group>"; };
		FAF609DF264CE79A004912DC /* Poppins-BoldItalic.ttf */ = {isa = PBXFileReference; lastKnownFileType = file; path = "Poppins-BoldItalic.ttf"; sourceTree = "<group>"; };
		FAF609E0264CE79A004912DC /* Poppins-SemiBold.ttf */ = {isa = PBXFileReference; lastKnownFileType = file; path = "Poppins-SemiBold.ttf"; sourceTree = "<group>"; };
		FAF609E1264CE79A004912DC /* Poppins-SemiBoldItalic.ttf */ = {isa = PBXFileReference; lastKnownFileType = file; path = "Poppins-SemiBoldItalic.ttf"; sourceTree = "<group>"; };
		FAF609F7264CF075004912DC /* HomeTableViewCell.swift */ = {isa = PBXFileReference; lastKnownFileType = sourcecode.swift; path = HomeTableViewCell.swift; sourceTree = "<group>"; };
		FAF609F8264CF075004912DC /* HomeTableViewCell.xib */ = {isa = PBXFileReference; lastKnownFileType = file.xib; path = HomeTableViewCell.xib; sourceTree = "<group>"; };
		FAF609FF264CF801004912DC /* MainTabController.swift */ = {isa = PBXFileReference; lastKnownFileType = sourcecode.swift; path = MainTabController.swift; sourceTree = "<group>"; };
		FAF60A00264CF801004912DC /* MainTabController.xib */ = {isa = PBXFileReference; lastKnownFileType = file.xib; path = MainTabController.xib; sourceTree = "<group>"; };
		FAF60A07264D1040004912DC /* AddUsageViewController.swift */ = {isa = PBXFileReference; lastKnownFileType = sourcecode.swift; path = AddUsageViewController.swift; sourceTree = "<group>"; };
		FAF60A08264D1040004912DC /* AddUsageViewController.xib */ = {isa = PBXFileReference; lastKnownFileType = file.xib; path = AddUsageViewController.xib; sourceTree = "<group>"; };
		FAF60A0C264D1BBF004912DC /* EditUsageViewController.swift */ = {isa = PBXFileReference; lastKnownFileType = sourcecode.swift; path = EditUsageViewController.swift; sourceTree = "<group>"; };
		FAF60A0D264D1BBF004912DC /* EditUsageViewController.xib */ = {isa = PBXFileReference; lastKnownFileType = file.xib; path = EditUsageViewController.xib; sourceTree = "<group>"; };
		FAF60A11264D20C2004912DC /* MoneyUsage.swift */ = {isa = PBXFileReference; lastKnownFileType = sourcecode.swift; path = MoneyUsage.swift; sourceTree = "<group>"; };
		FAF60A14264D655A004912DC /* DreamTableViewCell.swift */ = {isa = PBXFileReference; lastKnownFileType = sourcecode.swift; path = DreamTableViewCell.swift; sourceTree = "<group>"; };
		FAF60A15264D655A004912DC /* DreamTableViewCell.xib */ = {isa = PBXFileReference; lastKnownFileType = file.xib; path = DreamTableViewCell.xib; sourceTree = "<group>"; };
		FAF60A19264D6778004912DC /* Dream.swift */ = {isa = PBXFileReference; lastKnownFileType = sourcecode.swift; path = Dream.swift; sourceTree = "<group>"; };
		FAF60A1C264E47A6004912DC /* AddDreamViewController.swift */ = {isa = PBXFileReference; lastKnownFileType = sourcecode.swift; path = AddDreamViewController.swift; sourceTree = "<group>"; };
		FAF60A1D264E47A6004912DC /* AddDreamViewController.xib */ = {isa = PBXFileReference; lastKnownFileType = file.xib; path = AddDreamViewController.xib; sourceTree = "<group>"; };
		FAF60A22264E47DD004912DC /* DreamDetailViewController.swift */ = {isa = PBXFileReference; lastKnownFileType = sourcecode.swift; path = DreamDetailViewController.swift; sourceTree = "<group>"; };
		FAF60A23264E47DD004912DC /* DreamDetailViewController.xib */ = {isa = PBXFileReference; lastKnownFileType = file.xib; path = DreamDetailViewController.xib; sourceTree = "<group>"; };
		FAF60A27264E482D004912DC /* EditDreamViewController.swift */ = {isa = PBXFileReference; lastKnownFileType = sourcecode.swift; path = EditDreamViewController.swift; sourceTree = "<group>"; };
		FAF60A28264E482D004912DC /* EditDreamViewController.xib */ = {isa = PBXFileReference; lastKnownFileType = file.xib; path = EditDreamViewController.xib; sourceTree = "<group>"; };
		FAF60A2D264EB223004912DC /* ConvertVariable.swift */ = {isa = PBXFileReference; lastKnownFileType = sourcecode.swift; path = ConvertVariable.swift; sourceTree = "<group>"; };
		FAF60A30264EB972004912DC /* Wallet.swift */ = {isa = PBXFileReference; lastKnownFileType = sourcecode.swift; path = Wallet.swift; sourceTree = "<group>"; };
		FAF60A33264F8750004912DC /* NotFoundView.swift */ = {isa = PBXFileReference; lastKnownFileType = sourcecode.swift; path = NotFoundView.swift; sourceTree = "<group>"; };
		FAF60A36264F8780004912DC /* NotFoundView.xib */ = {isa = PBXFileReference; lastKnownFileType = file.xib; path = NotFoundView.xib; sourceTree = "<group>"; };
/* End PBXFileReference section */

/* Begin PBXFrameworksBuildPhase section */
		FAF609A2264CE1DA004912DC /* Frameworks */ = {
			isa = PBXFrameworksBuildPhase;
			buildActionMask = 2147483647;
			files = (
			);
			runOnlyForDeploymentPostprocessing = 0;
		};
/* End PBXFrameworksBuildPhase section */

/* Begin PBXGroup section */
		FA3B23EB26561D6F00D4D868 /* Network */ = {
			isa = PBXGroup;
			children = (
				FA3B23EC26561D8A00D4D868 /* MoneyService.swift */,
				FA3B23F92656565D00D4D868 /* UserService.swift */,
				FA3B24012656ADF800D4D868 /* WalletService.swift */,
			);
			path = Network;
			sourceTree = "<group>";
		};
		FA3B23FC2656AD1600D4D868 /* ModelAPI */ = {
			isa = PBXGroup;
			children = (
				FA3B23F3265650A700D4D868 /* UserResponse.swift */,
				FA3B23F02656476B00D4D868 /* TransactionResponse.swift */,
				FA3B23FD2656AD4300D4D868 /* WalletResponse.swift */,
			);
			path = ModelAPI;
			sourceTree = "<group>";
		};
		FA54763F264FC1B300B5E40B /* Assets */ = {
			isa = PBXGroup;
			children = (
				FAF609CE264CE765004912DC /* Poppins */,
				FA547640264FC1C200B5E40B /* Colors.swift */,
			);
			path = Assets;
			sourceTree = "<group>";
		};
		FAF6099C264CE1DA004912DC = {
			isa = PBXGroup;
			children = (
				FAF609A7264CE1DA004912DC /* MyMoneeProject */,
				FAF609A6264CE1DA004912DC /* Products */,
			);
			sourceTree = "<group>";
		};
		FAF609A6264CE1DA004912DC /* Products */ = {
			isa = PBXGroup;
			children = (
				FAF609A5264CE1DA004912DC /* MyMoneeProject.app */,
			);
			name = Products;
			sourceTree = "<group>";
		};
		FAF609A7264CE1DA004912DC /* MyMoneeProject */ = {
			isa = PBXGroup;
			children = (
				FA3B23EB26561D6F00D4D868 /* Network */,
				FA54763F264FC1B300B5E40B /* Assets */,
				FAF60A2C264EB13C004912DC /* Method */,
				FAF60A05264D0F8C004912DC /* Model */,
				FAF609FE264CF7A0004912DC /* MainTab */,
				FAF609F6264CF045004912DC /* Cells */,
				FAF609BD264CE5DE004912DC /* View */,
				FAF609A8264CE1DA004912DC /* AppDelegate.swift */,
				FAF609AA264CE1DA004912DC /* SceneDelegate.swift */,
				FAF609B1264CE1DB004912DC /* Assets.xcassets */,
				FAF609B3264CE1DB004912DC /* LaunchScreen.storyboard */,
				FAF609B6264CE1DB004912DC /* Info.plist */,
			);
			path = MyMoneeProject;
			sourceTree = "<group>";
		};
		FAF609BD264CE5DE004912DC /* View */ = {
			isa = PBXGroup;
			children = (
				FAF60A39264F9380004912DC /* Reusable */,
				FAF60A06264D0FBA004912DC /* SubView */,
				FAF609BE264CE63A004912DC /* HomeViewController.swift */,
				FAF609BF264CE63A004912DC /* HomeViewController.xib */,
				FAF609C4264CE66B004912DC /* DreamViewController.swift */,
				FAF609C5264CE66B004912DC /* DreamViewController.xib */,
				FAF609C9264CE688004912DC /* ProfileViewController.swift */,
				FAF609CA264CE688004912DC /* ProfileViewController.xib */,
			);
			path = View;
			sourceTree = "<group>";
		};
		FAF609CE264CE765004912DC /* Poppins */ = {
			isa = PBXGroup;
			children = (
				FAF609DE264CE79A004912DC /* OFL.txt */,
				FAF609D6264CE799004912DC /* Poppins-Black.ttf */,
				FAF609D5264CE799004912DC /* Poppins-BlackItalic.ttf */,
				FAF609D8264CE799004912DC /* Poppins-Bold.ttf */,
				FAF609DF264CE79A004912DC /* Poppins-BoldItalic.ttf */,
				FAF609D9264CE799004912DC /* Poppins-ExtraBold.ttf */,
				FAF609CF264CE799004912DC /* Poppins-ExtraBoldItalic.ttf */,
				FAF609DA264CE799004912DC /* Poppins-ExtraLight.ttf */,
				FAF609DB264CE799004912DC /* Poppins-ExtraLightItalic.ttf */,
				FAF609D1264CE799004912DC /* Poppins-Italic.ttf */,
				FAF609D3264CE799004912DC /* Poppins-Light.ttf */,
				FAF609D2264CE799004912DC /* Poppins-LightItalic.ttf */,
				FAF609D0264CE799004912DC /* Poppins-Medium.ttf */,
				FAF609D7264CE799004912DC /* Poppins-MediumItalic.ttf */,
				FAF609DD264CE79A004912DC /* Poppins-Regular.ttf */,
				FAF609E0264CE79A004912DC /* Poppins-SemiBold.ttf */,
				FAF609E1264CE79A004912DC /* Poppins-SemiBoldItalic.ttf */,
				FAF609DC264CE79A004912DC /* Poppins-Thin.ttf */,
				FAF609D4264CE799004912DC /* Poppins-ThinItalic.ttf */,
			);
			path = Poppins;
			sourceTree = "<group>";
		};
		FAF609F6264CF045004912DC /* Cells */ = {
			isa = PBXGroup;
			children = (
				FAF609F7264CF075004912DC /* HomeTableViewCell.swift */,
				FAF609F8264CF075004912DC /* HomeTableViewCell.xib */,
				FAF60A14264D655A004912DC /* DreamTableViewCell.swift */,
				FAF60A15264D655A004912DC /* DreamTableViewCell.xib */,
				FA7656A3264FA3BE00CD6C85 /* CategoryCollectionViewCell.swift */,
				FA7656A4264FA3BE00CD6C85 /* CategoryCollectionViewCell.xib */,
				FA672AB6264FF59A004F42E6 /* SelectCollectionViewCell.swift */,
				FA672AB7264FF59A004F42E6 /* SelectCollectionViewCell.xib */,
			);
			path = Cells;
			sourceTree = "<group>";
		};
		FAF609FE264CF7A0004912DC /* MainTab */ = {
			isa = PBXGroup;
			children = (
				FAF609FF264CF801004912DC /* MainTabController.swift */,
				FAF60A00264CF801004912DC /* MainTabController.xib */,
			);
			path = MainTab;
			sourceTree = "<group>";
		};
		FAF60A05264D0F8C004912DC /* Model */ = {
			isa = PBXGroup;
			children = (
				FA3B23FC2656AD1600D4D868 /* ModelAPI */,
				FAF60A11264D20C2004912DC /* MoneyUsage.swift */,
				FAF60A19264D6778004912DC /* Dream.swift */,
				FAF60A30264EB972004912DC /* Wallet.swift */,
				FA547633264FAB6600B5E40B /* CategorySelection.swift */,
				FA672ABB264FFEC1004F42E6 /* User.swift */,
				FA2D28E32650CC66009B02B2 /* ConfirmationStatus.swift */,
			);
			path = Model;
			sourceTree = "<group>";
		};
		FAF60A06264D0FBA004912DC /* SubView */ = {
			isa = PBXGroup;
			children = (
				FAF60A07264D1040004912DC /* AddUsageViewController.swift */,
				FAF60A08264D1040004912DC /* AddUsageViewController.xib */,
				FA547639264FBE2500B5E40B /* UsageDetailViewController.swift */,
				FA54763A264FBE2500B5E40B /* UsageDetailViewController.xib */,
				FAF60A0C264D1BBF004912DC /* EditUsageViewController.swift */,
				FAF60A0D264D1BBF004912DC /* EditUsageViewController.xib */,
				FAF60A1C264E47A6004912DC /* AddDreamViewController.swift */,
				FAF60A1D264E47A6004912DC /* AddDreamViewController.xib */,
				FAF60A22264E47DD004912DC /* DreamDetailViewController.swift */,
				FAF60A23264E47DD004912DC /* DreamDetailViewController.xib */,
				FAF60A27264E482D004912DC /* EditDreamViewController.swift */,
				FAF60A28264E482D004912DC /* EditDreamViewController.xib */,
			);
			path = SubView;
			sourceTree = "<group>";
		};
		FAF60A2C264EB13C004912DC /* Method */ = {
			isa = PBXGroup;
			children = (
				FAF60A2D264EB223004912DC /* ConvertVariable.swift */,
				FA547636264FBAA500B5E40B /* ButtonConfig.swift */,
				FA672ABE265012A6004F42E6 /* DateTime.swift */,
			);
			path = Method;
			sourceTree = "<group>";
		};
		FAF60A39264F9380004912DC /* Reusable */ = {
			isa = PBXGroup;
			children = (
				FAF60A33264F8750004912DC /* NotFoundView.swift */,
				FAF60A36264F8780004912DC /* NotFoundView.xib */,
			);
			path = Reusable;
			sourceTree = "<group>";
		};
/* End PBXGroup section */

/* Begin PBXNativeTarget section */
		FAF609A4264CE1DA004912DC /* MyMoneeProject */ = {
			isa = PBXNativeTarget;
			buildConfigurationList = FAF609B9264CE1DB004912DC /* Build configuration list for PBXNativeTarget "MyMoneeProject" */;
			buildPhases = (
				FAF609A1264CE1DA004912DC /* Sources */,
				FAF609A2264CE1DA004912DC /* Frameworks */,
				FAF609A3264CE1DA004912DC /* Resources */,
			);
			buildRules = (
			);
			dependencies = (
			);
			name = MyMoneeProject;
			productName = MyMoneeProject;
			productReference = FAF609A5264CE1DA004912DC /* MyMoneeProject.app */;
			productType = "com.apple.product-type.application";
		};
/* End PBXNativeTarget section */

/* Begin PBXProject section */
		FAF6099D264CE1DA004912DC /* Project object */ = {
			isa = PBXProject;
			attributes = {
				LastSwiftUpdateCheck = 1240;
				LastUpgradeCheck = 1240;
				TargetAttributes = {
					FAF609A4264CE1DA004912DC = {
						CreatedOnToolsVersion = 12.4;
					};
				};
			};
			buildConfigurationList = FAF609A0264CE1DA004912DC /* Build configuration list for PBXProject "MyMoneeProject" */;
			compatibilityVersion = "Xcode 9.3";
			developmentRegion = en;
			hasScannedForEncodings = 0;
			knownRegions = (
				en,
				Base,
			);
			mainGroup = FAF6099C264CE1DA004912DC;
			productRefGroup = FAF609A6264CE1DA004912DC /* Products */;
			projectDirPath = "";
			projectRoot = "";
			targets = (
				FAF609A4264CE1DA004912DC /* MyMoneeProject */,
			);
		};
/* End PBXProject section */

/* Begin PBXResourcesBuildPhase section */
		FAF609A3264CE1DA004912DC /* Resources */ = {
			isa = PBXResourcesBuildPhase;
			buildActionMask = 2147483647;
			files = (
				FAF60A17264D655A004912DC /* DreamTableViewCell.xib in Resources */,
				FAF609CC264CE688004912DC /* ProfileViewController.xib in Resources */,
				FAF60A0A264D1040004912DC /* AddUsageViewController.xib in Resources */,
				FAF60A0F264D1BBF004912DC /* EditUsageViewController.xib in Resources */,
				FAF60A1F264E47A6004912DC /* AddDreamViewController.xib in Resources */,
				FAF609E8264CE79A004912DC /* Poppins-BlackItalic.ttf in Resources */,
				FAF609EE264CE79A004912DC /* Poppins-ExtraLightItalic.ttf in Resources */,
				FAF609E5264CE79A004912DC /* Poppins-LightItalic.ttf in Resources */,
				FAF609F2264CE79A004912DC /* Poppins-BoldItalic.ttf in Resources */,
				FAF609EB264CE79A004912DC /* Poppins-Bold.ttf in Resources */,
				FAF609B5264CE1DB004912DC /* LaunchScreen.storyboard in Resources */,
				FAF609EA264CE79A004912DC /* Poppins-MediumItalic.ttf in Resources */,
				FAF609FA264CF075004912DC /* HomeTableViewCell.xib in Resources */,
				FAF609B2264CE1DB004912DC /* Assets.xcassets in Resources */,
				FA7656A6264FA3BE00CD6C85 /* CategoryCollectionViewCell.xib in Resources */,
				FAF609E4264CE79A004912DC /* Poppins-Italic.ttf in Resources */,
				FA672AB9264FF59A004F42E6 /* SelectCollectionViewCell.xib in Resources */,
				FAF609F0264CE79A004912DC /* Poppins-Regular.ttf in Resources */,
				FAF609EF264CE79A004912DC /* Poppins-Thin.ttf in Resources */,
				FAF609E2264CE79A004912DC /* Poppins-ExtraBoldItalic.ttf in Resources */,
				FAF609F1264CE79A004912DC /* OFL.txt in Resources */,
				FAF609F4264CE79A004912DC /* Poppins-SemiBoldItalic.ttf in Resources */,
				FAF609E3264CE79A004912DC /* Poppins-Medium.ttf in Resources */,
				FAF609C7264CE66B004912DC /* DreamViewController.xib in Resources */,
				FAF609ED264CE79A004912DC /* Poppins-ExtraLight.ttf in Resources */,
				FA54763C264FBE2500B5E40B /* UsageDetailViewController.xib in Resources */,
				FAF609E9264CE79A004912DC /* Poppins-Black.ttf in Resources */,
				FAF609E7264CE79A004912DC /* Poppins-ThinItalic.ttf in Resources */,
				FAF609EC264CE79A004912DC /* Poppins-ExtraBold.ttf in Resources */,
				FAF60A2A264E482D004912DC /* EditDreamViewController.xib in Resources */,
				FAF60A02264CF801004912DC /* MainTabController.xib in Resources */,
				FAF609F3264CE79A004912DC /* Poppins-SemiBold.ttf in Resources */,
				FAF60A37264F8780004912DC /* NotFoundView.xib in Resources */,
				FAF60A25264E47DD004912DC /* DreamDetailViewController.xib in Resources */,
				FAF609E6264CE79A004912DC /* Poppins-Light.ttf in Resources */,
				FAF609C1264CE63A004912DC /* HomeViewController.xib in Resources */,
			);
			runOnlyForDeploymentPostprocessing = 0;
		};
/* End PBXResourcesBuildPhase section */

/* Begin PBXSourcesBuildPhase section */
		FAF609A1264CE1DA004912DC /* Sources */ = {
			isa = PBXSourcesBuildPhase;
			buildActionMask = 2147483647;
			files = (
				FAF609CB264CE688004912DC /* ProfileViewController.swift in Sources */,
				FAF60A0E264D1BBF004912DC /* EditUsageViewController.swift in Sources */,
				FA2D28E42650CC66009B02B2 /* ConfirmationStatus.swift in Sources */,
				FAF60A12264D20C2004912DC /* MoneyUsage.swift in Sources */,
				FA672ABC264FFEC1004F42E6 /* User.swift in Sources */,
				FA3B23F4265650A700D4D868 /* UserResponse.swift in Sources */,
				FAF60A1E264E47A6004912DC /* AddDreamViewController.swift in Sources */,
				FA3B23FE2656AD4300D4D868 /* WalletResponse.swift in Sources */,
				FA3B23ED26561D8A00D4D868 /* MoneyService.swift in Sources */,
				FAF60A16264D655A004912DC /* DreamTableViewCell.swift in Sources */,
				FA547637264FBAA500B5E40B /* ButtonConfig.swift in Sources */,
				FAF609F9264CF075004912DC /* HomeTableViewCell.swift in Sources */,
				FA54763B264FBE2500B5E40B /* UsageDetailViewController.swift in Sources */,
				FA672AB8264FF59A004F42E6 /* SelectCollectionViewCell.swift in Sources */,
				FA3B23FA2656565D00D4D868 /* UserService.swift in Sources */,
				FA672ABF265012A6004F42E6 /* DateTime.swift in Sources */,
				FA3B24022656ADF800D4D868 /* WalletService.swift in Sources */,
				FAF60A01264CF801004912DC /* MainTabController.swift in Sources */,
				FAF60A2E264EB223004912DC /* ConvertVariable.swift in Sources */,
				FAF609A9264CE1DA004912DC /* AppDelegate.swift in Sources */,
				FAF60A09264D1040004912DC /* AddUsageViewController.swift in Sources */,
				FA547634264FAB6600B5E40B /* CategorySelection.swift in Sources */,
				FA547641264FC1C200B5E40B /* Colors.swift in Sources */,
				FA7656A5264FA3BE00CD6C85 /* CategoryCollectionViewCell.swift in Sources */,
				FA3B23F12656476B00D4D868 /* TransactionResponse.swift in Sources */,
				FAF60A24264E47DD004912DC /* DreamDetailViewController.swift in Sources */,
				FAF60A34264F8750004912DC /* NotFoundView.swift in Sources */,
				FAF609C6264CE66B004912DC /* DreamViewController.swift in Sources */,
				FAF609AB264CE1DA004912DC /* SceneDelegate.swift in Sources */,
				FAF60A29264E482D004912DC /* EditDreamViewController.swift in Sources */,
				FAF609C0264CE63A004912DC /* HomeViewController.swift in Sources */,
				FAF60A31264EB972004912DC /* Wallet.swift in Sources */,
				FAF60A1A264D6778004912DC /* Dream.swift in Sources */,
			);
			runOnlyForDeploymentPostprocessing = 0;
		};
/* End PBXSourcesBuildPhase section */

/* Begin PBXVariantGroup section */
		FAF609B3264CE1DB004912DC /* LaunchScreen.storyboard */ = {
			isa = PBXVariantGroup;
			children = (
				FAF609B4264CE1DB004912DC /* Base */,
			);
			name = LaunchScreen.storyboard;
			sourceTree = "<group>";
		};
/* End PBXVariantGroup section */

/* Begin XCBuildConfiguration section */
		FAF609B7264CE1DB004912DC /* Debug */ = {
			isa = XCBuildConfiguration;
			buildSettings = {
				ALWAYS_SEARCH_USER_PATHS = NO;
				CLANG_ANALYZER_NONNULL = YES;
				CLANG_ANALYZER_NUMBER_OBJECT_CONVERSION = YES_AGGRESSIVE;
				CLANG_CXX_LANGUAGE_STANDARD = "gnu++14";
				CLANG_CXX_LIBRARY = "libc++";
				CLANG_ENABLE_MODULES = YES;
				CLANG_ENABLE_OBJC_ARC = YES;
				CLANG_ENABLE_OBJC_WEAK = YES;
				CLANG_WARN_BLOCK_CAPTURE_AUTORELEASING = YES;
				CLANG_WARN_BOOL_CONVERSION = YES;
				CLANG_WARN_COMMA = YES;
				CLANG_WARN_CONSTANT_CONVERSION = YES;
				CLANG_WARN_DEPRECATED_OBJC_IMPLEMENTATIONS = YES;
				CLANG_WARN_DIRECT_OBJC_ISA_USAGE = YES_ERROR;
				CLANG_WARN_DOCUMENTATION_COMMENTS = YES;
				CLANG_WARN_EMPTY_BODY = YES;
				CLANG_WARN_ENUM_CONVERSION = YES;
				CLANG_WARN_INFINITE_RECURSION = YES;
				CLANG_WARN_INT_CONVERSION = YES;
				CLANG_WARN_NON_LITERAL_NULL_CONVERSION = YES;
				CLANG_WARN_OBJC_IMPLICIT_RETAIN_SELF = YES;
				CLANG_WARN_OBJC_LITERAL_CONVERSION = YES;
				CLANG_WARN_OBJC_ROOT_CLASS = YES_ERROR;
				CLANG_WARN_QUOTED_INCLUDE_IN_FRAMEWORK_HEADER = YES;
				CLANG_WARN_RANGE_LOOP_ANALYSIS = YES;
				CLANG_WARN_STRICT_PROTOTYPES = YES;
				CLANG_WARN_SUSPICIOUS_MOVE = YES;
				CLANG_WARN_UNGUARDED_AVAILABILITY = YES_AGGRESSIVE;
				CLANG_WARN_UNREACHABLE_CODE = YES;
				CLANG_WARN__DUPLICATE_METHOD_MATCH = YES;
				COPY_PHASE_STRIP = NO;
				DEBUG_INFORMATION_FORMAT = dwarf;
				ENABLE_STRICT_OBJC_MSGSEND = YES;
				ENABLE_TESTABILITY = YES;
				GCC_C_LANGUAGE_STANDARD = gnu11;
				GCC_DYNAMIC_NO_PIC = NO;
				GCC_NO_COMMON_BLOCKS = YES;
				GCC_OPTIMIZATION_LEVEL = 0;
				GCC_PREPROCESSOR_DEFINITIONS = (
					"DEBUG=1",
					"$(inherited)",
				);
				GCC_WARN_64_TO_32_BIT_CONVERSION = YES;
				GCC_WARN_ABOUT_RETURN_TYPE = YES_ERROR;
				GCC_WARN_UNDECLARED_SELECTOR = YES;
				GCC_WARN_UNINITIALIZED_AUTOS = YES_AGGRESSIVE;
				GCC_WARN_UNUSED_FUNCTION = YES;
				GCC_WARN_UNUSED_VARIABLE = YES;
				IPHONEOS_DEPLOYMENT_TARGET = 14.4;
				MTL_ENABLE_DEBUG_INFO = INCLUDE_SOURCE;
				MTL_FAST_MATH = YES;
				ONLY_ACTIVE_ARCH = YES;
				SDKROOT = iphoneos;
				SWIFT_ACTIVE_COMPILATION_CONDITIONS = DEBUG;
				SWIFT_OPTIMIZATION_LEVEL = "-Onone";
			};
			name = Debug;
		};
		FAF609B8264CE1DB004912DC /* Release */ = {
			isa = XCBuildConfiguration;
			buildSettings = {
				ALWAYS_SEARCH_USER_PATHS = NO;
				CLANG_ANALYZER_NONNULL = YES;
				CLANG_ANALYZER_NUMBER_OBJECT_CONVERSION = YES_AGGRESSIVE;
				CLANG_CXX_LANGUAGE_STANDARD = "gnu++14";
				CLANG_CXX_LIBRARY = "libc++";
				CLANG_ENABLE_MODULES = YES;
				CLANG_ENABLE_OBJC_ARC = YES;
				CLANG_ENABLE_OBJC_WEAK = YES;
				CLANG_WARN_BLOCK_CAPTURE_AUTORELEASING = YES;
				CLANG_WARN_BOOL_CONVERSION = YES;
				CLANG_WARN_COMMA = YES;
				CLANG_WARN_CONSTANT_CONVERSION = YES;
				CLANG_WARN_DEPRECATED_OBJC_IMPLEMENTATIONS = YES;
				CLANG_WARN_DIRECT_OBJC_ISA_USAGE = YES_ERROR;
				CLANG_WARN_DOCUMENTATION_COMMENTS = YES;
				CLANG_WARN_EMPTY_BODY = YES;
				CLANG_WARN_ENUM_CONVERSION = YES;
				CLANG_WARN_INFINITE_RECURSION = YES;
				CLANG_WARN_INT_CONVERSION = YES;
				CLANG_WARN_NON_LITERAL_NULL_CONVERSION = YES;
				CLANG_WARN_OBJC_IMPLICIT_RETAIN_SELF = YES;
				CLANG_WARN_OBJC_LITERAL_CONVERSION = YES;
				CLANG_WARN_OBJC_ROOT_CLASS = YES_ERROR;
				CLANG_WARN_QUOTED_INCLUDE_IN_FRAMEWORK_HEADER = YES;
				CLANG_WARN_RANGE_LOOP_ANALYSIS = YES;
				CLANG_WARN_STRICT_PROTOTYPES = YES;
				CLANG_WARN_SUSPICIOUS_MOVE = YES;
				CLANG_WARN_UNGUARDED_AVAILABILITY = YES_AGGRESSIVE;
				CLANG_WARN_UNREACHABLE_CODE = YES;
				CLANG_WARN__DUPLICATE_METHOD_MATCH = YES;
				COPY_PHASE_STRIP = NO;
				DEBUG_INFORMATION_FORMAT = "dwarf-with-dsym";
				ENABLE_NS_ASSERTIONS = NO;
				ENABLE_STRICT_OBJC_MSGSEND = YES;
				GCC_C_LANGUAGE_STANDARD = gnu11;
				GCC_NO_COMMON_BLOCKS = YES;
				GCC_WARN_64_TO_32_BIT_CONVERSION = YES;
				GCC_WARN_ABOUT_RETURN_TYPE = YES_ERROR;
				GCC_WARN_UNDECLARED_SELECTOR = YES;
				GCC_WARN_UNINITIALIZED_AUTOS = YES_AGGRESSIVE;
				GCC_WARN_UNUSED_FUNCTION = YES;
				GCC_WARN_UNUSED_VARIABLE = YES;
				IPHONEOS_DEPLOYMENT_TARGET = 14.4;
				MTL_ENABLE_DEBUG_INFO = NO;
				MTL_FAST_MATH = YES;
				SDKROOT = iphoneos;
				SWIFT_COMPILATION_MODE = wholemodule;
				SWIFT_OPTIMIZATION_LEVEL = "-O";
				VALIDATE_PRODUCT = YES;
			};
			name = Release;
		};
		FAF609BA264CE1DB004912DC /* Debug */ = {
			isa = XCBuildConfiguration;
			buildSettings = {
				ASSETCATALOG_COMPILER_APPICON_NAME = AppIcon;
				ASSETCATALOG_COMPILER_GLOBAL_ACCENT_COLOR_NAME = AccentColor;
				CODE_SIGN_STYLE = Automatic;
				DEVELOPMENT_TEAM = F8QJR8725H;
				INFOPLIST_FILE = MyMoneeProject/Info.plist;
				LD_RUNPATH_SEARCH_PATHS = (
					"$(inherited)",
					"@executable_path/Frameworks",
				);
				PRODUCT_BUNDLE_IDENTIFIER = com.submission.MyMoneeProject;
				PRODUCT_NAME = "$(TARGET_NAME)";
				SWIFT_VERSION = 5.0;
				TARGETED_DEVICE_FAMILY = "1,2";
			};
			name = Debug;
		};
		FAF609BB264CE1DB004912DC /* Release */ = {
			isa = XCBuildConfiguration;
			buildSettings = {
				ASSETCATALOG_COMPILER_APPICON_NAME = AppIcon;
				ASSETCATALOG_COMPILER_GLOBAL_ACCENT_COLOR_NAME = AccentColor;
				CODE_SIGN_STYLE = Automatic;
				DEVELOPMENT_TEAM = F8QJR8725H;
				INFOPLIST_FILE = MyMoneeProject/Info.plist;
				LD_RUNPATH_SEARCH_PATHS = (
					"$(inherited)",
					"@executable_path/Frameworks",
				);
				PRODUCT_BUNDLE_IDENTIFIER = com.submission.MyMoneeProject;
				PRODUCT_NAME = "$(TARGET_NAME)";
				SWIFT_VERSION = 5.0;
				TARGETED_DEVICE_FAMILY = "1,2";
			};
			name = Release;
		};
/* End XCBuildConfiguration section */

/* Begin XCConfigurationList section */
		FAF609A0264CE1DA004912DC /* Build configuration list for PBXProject "MyMoneeProject" */ = {
			isa = XCConfigurationList;
			buildConfigurations = (
				FAF609B7264CE1DB004912DC /* Debug */,
				FAF609B8264CE1DB004912DC /* Release */,
			);
			defaultConfigurationIsVisible = 0;
			defaultConfigurationName = Release;
		};
		FAF609B9264CE1DB004912DC /* Build configuration list for PBXNativeTarget "MyMoneeProject" */ = {
			isa = XCConfigurationList;
			buildConfigurations = (
				FAF609BA264CE1DB004912DC /* Debug */,
				FAF609BB264CE1DB004912DC /* Release */,
			);
			defaultConfigurationIsVisible = 0;
			defaultConfigurationName = Release;
		};
/* End XCConfigurationList section */
	};
	rootObject = FAF6099D264CE1DA004912DC /* Project object */;
}
